
Microsoft Visual Studio Solution File, Format Version 12.00
# Visual Studio Version 17
VisualStudioVersion = 17.5.002.0
MinimumVisualStudioVersion = 10.0.40219.1
Project("{9A19103F-16F7-4668-BE54-9A1E7A4F7556}") = "Tanlash-3.1-1", "Tanlash-3.1-1.csproj", "{72776EE8-5427-4B3C-9DEB-F10DF629E3A4}"
EndProject
Global
	GlobalSection(SolutionConfigurationPlatforms) = preSolution
		Debug|Any CPU = Debug|Any CPU
		Release|Any CPU = Release|Any CPU
	EndGlobalSection
	GlobalSection(ProjectConfigurationPlatforms) = postSolution
		{72776EE8-5427-4B3C-9DEB-F10DF629E3A4}.Debug|Any CPU.ActiveCfg = Debug|Any CPU
		{72776EE8-5427-4B3C-9DEB-F10DF629E3A4}.Debug|Any CPU.Build.0 = Debug|Any CPU
		{72776EE8-5427-4B3C-9DEB-F10DF629E3A4}.Release|Any CPU.ActiveCfg = Release|Any CPU
		{72776EE8-5427-4B3C-9DEB-F10DF629E3A4}.Release|Any CPU.Build.0 = Release|Any CPU
	EndGlobalSection
	GlobalSection(SolutionProperties) = preSolution
		HideSolutionNode = FALSE
	EndGlobalSection
	GlobalSection(ExtensibilityGlobals) = postSolution
		SolutionGuid = {0CDCED5D-6DE2-4478-A9F3-D8AC706FE30C}
	EndGlobalSection
EndGlobal
